dependencies:
- name: postgresql
  repository: https://kubernetes-charts.storage.googleapis.com/
  version: 8.2.1
- name: redis
  repository: https://kubernetes-charts.storage.googleapis.com/
  version: 10.4.0
digest: sha256:6dab63cfbf6a2f363b12ff9cbf683697352acfaa438962ef827418e5e9e7af22
generated: "2020-02-01T17:08:07.30147224-05:00"
