dependencies:
- name: postgresql
  repository: https://kubernetes-charts.storage.googleapis.com/
  version: 8.3.4
- name: redis
  repository: https://kubernetes-charts.storage.googleapis.com/
  version: 10.5.1
digest: sha256:6f1b20c97b7c1882645ac22e0a4678a8c857419ade117335ecd17bd11f54eddf
generated: "2020-02-16T13:07:54.59601453-05:00"
